{
  "socketPath": "/tmp/mcp-MgS290/mcp.sock",
  "scheme": "unix",
  "headers": {
    "Authorization": "Nonce 29a47506-494f-424c-9559-b1d0ea407742"
  },
  "pid": 1998,
  "ideName": "Visual Studio Code - Insiders",
  "timestamp": 1778382547391,
  "workspaceFolders": [
    "/mnt/d/Projects/scholar/GeneralExplorer"
  ],
  "isTrusted": true
}